
Microsoft Visual Studio Solution File, Format Version 12.00
# Visual Studio 2012
Project("{FAE04EC0-301F-11D3-BF4B-00C04F79EFBC}") = "MonoTorrent.ClientService", "MonoTorrent.ClientService\MonoTorrent.ClientService.csproj", "{FA02B877-30A8-4418-8C61-6A943B8A2000}"
EndProject
Project("{FAE04EC0-301F-11D3-BF4B-00C04F79EFBC}") = "MonoTorrent.WebUI.Common", "MonoTorrent.WebUI.Common\MonoTorrent.WebUI.Common.csproj", "{A0931AC0-6C1E-4713-8E1A-46A701227B84}"
EndProject
Project("{FAE04EC0-301F-11D3-BF4B-00C04F79EFBC}") = "MonoTorrent.WebUI.Server", "MonoTorrent.WebUI.Server\MonoTorrent.WebUI.Server.csproj", "{7D598C37-3F0C-4422-848D-FF7EBA5BF86D}"
EndProject
Project("{FAE04EC0-301F-11D3-BF4B-00C04F79EFBC}") = "MonoTorrent.WebUI.Configuration", "MonoTorrent.WebUI.Configuration\MonoTorrent.WebUI.Configuration.csproj", "{9ADC4AA3-EFBC-481D-BC19-572B16657C39}"
EndProject
Project("{FAE04EC0-301F-11D3-BF4B-00C04F79EFBC}") = "MonoTorrent", "..\monotorrent-winrt\src\MonoTorrent\MonoTorrent.csproj", "{411A9E0E-FDC6-4E25-828A-0C2CD1CD96F8}"
EndProject
Global
	GlobalSection(SolutionConfigurationPlatforms) = preSolution
		Debug|Any CPU = Debug|Any CPU
		Release|Any CPU = Release|Any CPU
		Stats|Any CPU = Stats|Any CPU
	EndGlobalSection
	GlobalSection(ProjectConfigurationPlatforms) = postSolution
		{FA02B877-30A8-4418-8C61-6A943B8A2000}.Debug|Any CPU.ActiveCfg = Debug|Any CPU
		{FA02B877-30A8-4418-8C61-6A943B8A2000}.Debug|Any CPU.Build.0 = Debug|Any CPU
		{FA02B877-30A8-4418-8C61-6A943B8A2000}.Release|Any CPU.ActiveCfg = Release|Any CPU
		{FA02B877-30A8-4418-8C61-6A943B8A2000}.Release|Any CPU.Build.0 = Release|Any CPU
		{FA02B877-30A8-4418-8C61-6A943B8A2000}.Stats|Any CPU.ActiveCfg = Release|Any CPU
		{FA02B877-30A8-4418-8C61-6A943B8A2000}.Stats|Any CPU.Build.0 = Release|Any CPU
		{A0931AC0-6C1E-4713-8E1A-46A701227B84}.Debug|Any CPU.ActiveCfg = Debug|Any CPU
		{A0931AC0-6C1E-4713-8E1A-46A701227B84}.Debug|Any CPU.Build.0 = Debug|Any CPU
		{A0931AC0-6C1E-4713-8E1A-46A701227B84}.Release|Any CPU.ActiveCfg = Release|Any CPU
		{A0931AC0-6C1E-4713-8E1A-46A701227B84}.Release|Any CPU.Build.0 = Release|Any CPU
		{A0931AC0-6C1E-4713-8E1A-46A701227B84}.Stats|Any CPU.ActiveCfg = Release|Any CPU
		{A0931AC0-6C1E-4713-8E1A-46A701227B84}.Stats|Any CPU.Build.0 = Release|Any CPU
		{7D598C37-3F0C-4422-848D-FF7EBA5BF86D}.Debug|Any CPU.ActiveCfg = Debug|Any CPU
		{7D598C37-3F0C-4422-848D-FF7EBA5BF86D}.Debug|Any CPU.Build.0 = Debug|Any CPU
		{7D598C37-3F0C-4422-848D-FF7EBA5BF86D}.Release|Any CPU.ActiveCfg = Release|Any CPU
		{7D598C37-3F0C-4422-848D-FF7EBA5BF86D}.Release|Any CPU.Build.0 = Release|Any CPU
		{7D598C37-3F0C-4422-848D-FF7EBA5BF86D}.Stats|Any CPU.ActiveCfg = Release|Any CPU
		{7D598C37-3F0C-4422-848D-FF7EBA5BF86D}.Stats|Any CPU.Build.0 = Release|Any CPU
		{9ADC4AA3-EFBC-481D-BC19-572B16657C39}.Debug|Any CPU.ActiveCfg = Debug|Any CPU
		{9ADC4AA3-EFBC-481D-BC19-572B16657C39}.Debug|Any CPU.Build.0 = Debug|Any CPU
		{9ADC4AA3-EFBC-481D-BC19-572B16657C39}.Release|Any CPU.ActiveCfg = Release|Any CPU
		{9ADC4AA3-EFBC-481D-BC19-572B16657C39}.Release|Any CPU.Build.0 = Release|Any CPU
		{9ADC4AA3-EFBC-481D-BC19-572B16657C39}.Stats|Any CPU.ActiveCfg = Release|Any CPU
		{9ADC4AA3-EFBC-481D-BC19-572B16657C39}.Stats|Any CPU.Build.0 = Release|Any CPU
		{411A9E0E-FDC6-4E25-828A-0C2CD1CD96F8}.Debug|Any CPU.ActiveCfg = Debug|Any CPU
		{411A9E0E-FDC6-4E25-828A-0C2CD1CD96F8}.Debug|Any CPU.Build.0 = Debug|Any CPU
		{411A9E0E-FDC6-4E25-828A-0C2CD1CD96F8}.Release|Any CPU.ActiveCfg = Release|Any CPU
		{411A9E0E-FDC6-4E25-828A-0C2CD1CD96F8}.Release|Any CPU.Build.0 = Release|Any CPU
		{411A9E0E-FDC6-4E25-828A-0C2CD1CD96F8}.Stats|Any CPU.ActiveCfg = Stats|Any CPU
		{411A9E0E-FDC6-4E25-828A-0C2CD1CD96F8}.Stats|Any CPU.Build.0 = Stats|Any CPU
	EndGlobalSection
	GlobalSection(SolutionProperties) = preSolution
		HideSolutionNode = FALSE
	EndGlobalSection
EndGlobal
